
Microsoft Visual Studio Solution File, Format Version 12.00
# Visual Studio Version 16
VisualStudioVersion = 16.0.30114.105
MinimumVisualStudioVersion = 10.0.40219.1
Project("{FAE04EC0-301F-11D3-BF4B-00C04F79EFBC}") = "dynamicArrays", "dynamicArrays\dynamicArrays.csproj", "{DCDAF74E-0FC5-4B1A-BE87-24DEBABA5D79}"
EndProject
Project("{FAE04EC0-301F-11D3-BF4B-00C04F79EFBC}") = "linkedList", "linkedList\linkedList.csproj", "{79159E44-19C6-492A-9790-2F219BCA1A91}"
EndProject
Project("{FAE04EC0-301F-11D3-BF4B-00C04F79EFBC}") = "Intro", "Intro\Intro.csproj", "{7B35C703-5047-4688-A4EE-BD9EE375077E}"
EndProject
Global
	GlobalSection(SolutionConfigurationPlatforms) = preSolution
		Debug|Any CPU = Debug|Any CPU
		Release|Any CPU = Release|Any CPU
	EndGlobalSection
	GlobalSection(SolutionProperties) = preSolution
		HideSolutionNode = FALSE
	EndGlobalSection
	GlobalSection(ProjectConfigurationPlatforms) = postSolution
		{DCDAF74E-0FC5-4B1A-BE87-24DEBABA5D79}.Debug|Any CPU.ActiveCfg = Debug|Any CPU
		{DCDAF74E-0FC5-4B1A-BE87-24DEBABA5D79}.Debug|Any CPU.Build.0 = Debug|Any CPU
		{DCDAF74E-0FC5-4B1A-BE87-24DEBABA5D79}.Release|Any CPU.ActiveCfg = Release|Any CPU
		{DCDAF74E-0FC5-4B1A-BE87-24DEBABA5D79}.Release|Any CPU.Build.0 = Release|Any CPU
		{79159E44-19C6-492A-9790-2F219BCA1A91}.Debug|Any CPU.ActiveCfg = Debug|Any CPU
		{79159E44-19C6-492A-9790-2F219BCA1A91}.Debug|Any CPU.Build.0 = Debug|Any CPU
		{79159E44-19C6-492A-9790-2F219BCA1A91}.Release|Any CPU.ActiveCfg = Release|Any CPU
		{79159E44-19C6-492A-9790-2F219BCA1A91}.Release|Any CPU.Build.0 = Release|Any CPU
		{7B35C703-5047-4688-A4EE-BD9EE375077E}.Debug|Any CPU.ActiveCfg = Debug|Any CPU
		{7B35C703-5047-4688-A4EE-BD9EE375077E}.Debug|Any CPU.Build.0 = Debug|Any CPU
		{7B35C703-5047-4688-A4EE-BD9EE375077E}.Release|Any CPU.ActiveCfg = Release|Any CPU
		{7B35C703-5047-4688-A4EE-BD9EE375077E}.Release|Any CPU.Build.0 = Release|Any CPU
	EndGlobalSection
EndGlobal
